
Microsoft Visual Studio Solution File, Format Version 12.00
# Visual Studio Version 17
VisualStudioVersion = 17.9.34714.143
MinimumVisualStudioVersion = 10.0.40219.1
Project("{FAE04EC0-301F-11D3-BF4B-00C04F79EFBC}") = "AppAPI", "AppAPI\AppAPI.csproj", "{111B195A-3DA1-45ED-B984-4EF8D45755EE}"
EndProject
Global
	GlobalSection(SolutionConfigurationPlatforms) = preSolution
		Debug|Any CPU = Debug|Any CPU
		Release|Any CPU = Release|Any CPU
	EndGlobalSection
	GlobalSection(ProjectConfigurationPlatforms) = postSolution
		{111B195A-3DA1-45ED-B984-4EF8D45755EE}.Debug|Any CPU.ActiveCfg = Debug|Any CPU
		{111B195A-3DA1-45ED-B984-4EF8D45755EE}.Debug|Any CPU.Build.0 = Debug|Any CPU
		{111B195A-3DA1-45ED-B984-4EF8D45755EE}.Release|Any CPU.ActiveCfg = Release|Any CPU
		{111B195A-3DA1-45ED-B984-4EF8D45755EE}.Release|Any CPU.Build.0 = Release|Any CPU
	EndGlobalSection
	GlobalSection(SolutionProperties) = preSolution
		HideSolutionNode = FALSE
	EndGlobalSection
	GlobalSection(ExtensibilityGlobals) = postSolution
		SolutionGuid = {FCFA9264-D5DB-4F03-ADDA-6034A882B29D}
	EndGlobalSection
EndGlobal
